
Microsoft Visual Studio Solution File, Format Version 12.00
# Visual Studio Version 16
VisualStudioVersion = 16.0.30621.155
MinimumVisualStudioVersion = 10.0.40219.1
Project("{8BC9CEB8-8B4A-11D0-8D11-00A0C91BC942}") = "EternityUnitTest", "EternityUnitTest\EternityUnitTest.vcxproj", "{CFEFFBE3-2B36-412F-9C73-7ED9345B9996}"
EndProject
Project("{8BC9CEB8-8B4A-11D0-8D11-00A0C91BC942}") = "gtest", "googletest\build\googletest\gtest.vcxproj", "{A24996B4-2AC4-3163-B510-52ED71C5AC6B}"
EndProject
Project("{8BC9CEB8-8B4A-11D0-8D11-00A0C91BC942}") = "gtest_main", "googletest\build\googletest\gtest_main.vcxproj", "{52434FA6-1FC5-318B-9BA7-5BAD265220BC}"
EndProject
Project("{8BC9CEB8-8B4A-11D0-8D11-00A0C91BC942}") = "Eternity", "modules\eternity\vc2019\Eternity.vcxproj", "{233045E2-53A6-4579-A272-3D3CF6D97405}"
EndProject
Project("{8BC9CEB8-8B4A-11D0-8D11-00A0C91BC942}") = "ACSVM", "modules\eternity\vc2019\ACSVM.vcxproj", "{A3D79066-950D-42E4-8555-D7663BA5E0C7}"
EndProject
Project("{8BC9CEB8-8B4A-11D0-8D11-00A0C91BC942}") = "adlmidi", "modules\eternity\vc2019\adlmidi.vcxproj", "{06F7C536-AB34-4054-ACE1-EF74F07A533C}"
EndProject
Project("{8BC9CEB8-8B4A-11D0-8D11-00A0C91BC942}") = "libpng", "modules\eternity\vc2019\libpng.vcxproj", "{D431963B-F2D5-4BA6-9D01-4A942FC63E96}"
EndProject
Project("{8BC9CEB8-8B4A-11D0-8D11-00A0C91BC942}") = "snes_spc", "modules\eternity\vc2019\snes_spc.vcxproj", "{8B8CBCA2-21D3-4C23-A397-A4D084F649D3}"
EndProject
Project("{8BC9CEB8-8B4A-11D0-8D11-00A0C91BC942}") = "zlib", "modules\eternity\vc2019\zlib.vcxproj", "{EA0188E0-1F4E-490D-BD2C-C85D12B0F1E2}"
EndProject
Global
	GlobalSection(SolutionConfigurationPlatforms) = preSolution
		Debug|x64 = Debug|x64
		Debug|x86 = Debug|x86
		Release|x64 = Release|x64
		Release|x86 = Release|x86
		Shipping|x64 = Shipping|x64
		Shipping|x86 = Shipping|x86
	EndGlobalSection
	GlobalSection(ProjectConfigurationPlatforms) = postSolution
		{CFEFFBE3-2B36-412F-9C73-7ED9345B9996}.Debug|x64.ActiveCfg = Debug|x64
		{CFEFFBE3-2B36-412F-9C73-7ED9345B9996}.Debug|x64.Build.0 = Debug|x64
		{CFEFFBE3-2B36-412F-9C73-7ED9345B9996}.Debug|x86.ActiveCfg = Debug|Win32
		{CFEFFBE3-2B36-412F-9C73-7ED9345B9996}.Debug|x86.Build.0 = Debug|Win32
		{CFEFFBE3-2B36-412F-9C73-7ED9345B9996}.Release|x64.ActiveCfg = Release|x64
		{CFEFFBE3-2B36-412F-9C73-7ED9345B9996}.Release|x64.Build.0 = Release|x64
		{CFEFFBE3-2B36-412F-9C73-7ED9345B9996}.Release|x86.ActiveCfg = Release|Win32
		{CFEFFBE3-2B36-412F-9C73-7ED9345B9996}.Release|x86.Build.0 = Release|Win32
		{CFEFFBE3-2B36-412F-9C73-7ED9345B9996}.Shipping|x64.ActiveCfg = Debug|x64
		{CFEFFBE3-2B36-412F-9C73-7ED9345B9996}.Shipping|x64.Build.0 = Debug|x64
		{CFEFFBE3-2B36-412F-9C73-7ED9345B9996}.Shipping|x86.ActiveCfg = Debug|Win32
		{CFEFFBE3-2B36-412F-9C73-7ED9345B9996}.Shipping|x86.Build.0 = Debug|Win32
		{A24996B4-2AC4-3163-B510-52ED71C5AC6B}.Debug|x64.ActiveCfg = Debug|Win32
		{A24996B4-2AC4-3163-B510-52ED71C5AC6B}.Debug|x86.ActiveCfg = Debug|Win32
		{A24996B4-2AC4-3163-B510-52ED71C5AC6B}.Debug|x86.Build.0 = Debug|Win32
		{A24996B4-2AC4-3163-B510-52ED71C5AC6B}.Release|x64.ActiveCfg = Release|Win32
		{A24996B4-2AC4-3163-B510-52ED71C5AC6B}.Release|x86.ActiveCfg = Release|Win32
		{A24996B4-2AC4-3163-B510-52ED71C5AC6B}.Release|x86.Build.0 = Release|Win32
		{A24996B4-2AC4-3163-B510-52ED71C5AC6B}.Shipping|x64.ActiveCfg = Debug|Win32
		{A24996B4-2AC4-3163-B510-52ED71C5AC6B}.Shipping|x64.Build.0 = Debug|Win32
		{A24996B4-2AC4-3163-B510-52ED71C5AC6B}.Shipping|x86.ActiveCfg = Debug|Win32
		{A24996B4-2AC4-3163-B510-52ED71C5AC6B}.Shipping|x86.Build.0 = Debug|Win32
		{52434FA6-1FC5-318B-9BA7-5BAD265220BC}.Debug|x64.ActiveCfg = Debug|Win32
		{52434FA6-1FC5-318B-9BA7-5BAD265220BC}.Debug|x86.ActiveCfg = Debug|Win32
		{52434FA6-1FC5-318B-9BA7-5BAD265220BC}.Debug|x86.Build.0 = Debug|Win32
		{52434FA6-1FC5-318B-9BA7-5BAD265220BC}.Release|x64.ActiveCfg = Release|Win32
		{52434FA6-1FC5-318B-9BA7-5BAD265220BC}.Release|x86.ActiveCfg = Release|Win32
		{52434FA6-1FC5-318B-9BA7-5BAD265220BC}.Release|x86.Build.0 = Release|Win32
		{52434FA6-1FC5-318B-9BA7-5BAD265220BC}.Shipping|x64.ActiveCfg = Debug|Win32
		{52434FA6-1FC5-318B-9BA7-5BAD265220BC}.Shipping|x64.Build.0 = Debug|Win32
		{52434FA6-1FC5-318B-9BA7-5BAD265220BC}.Shipping|x86.ActiveCfg = Debug|Win32
		{52434FA6-1FC5-318B-9BA7-5BAD265220BC}.Shipping|x86.Build.0 = Debug|Win32
		{233045E2-53A6-4579-A272-3D3CF6D97405}.Debug|x64.ActiveCfg = Debug|x64
		{233045E2-53A6-4579-A272-3D3CF6D97405}.Debug|x64.Build.0 = Debug|x64
		{233045E2-53A6-4579-A272-3D3CF6D97405}.Debug|x86.ActiveCfg = DebugStaticLib|Win32
		{233045E2-53A6-4579-A272-3D3CF6D97405}.Debug|x86.Build.0 = DebugStaticLib|Win32
		{233045E2-53A6-4579-A272-3D3CF6D97405}.Release|x64.ActiveCfg = Release|x64
		{233045E2-53A6-4579-A272-3D3CF6D97405}.Release|x64.Build.0 = Release|x64
		{233045E2-53A6-4579-A272-3D3CF6D97405}.Release|x86.ActiveCfg = ReleaseStaticLib|Win32
		{233045E2-53A6-4579-A272-3D3CF6D97405}.Release|x86.Build.0 = ReleaseStaticLib|Win32
		{233045E2-53A6-4579-A272-3D3CF6D97405}.Shipping|x64.ActiveCfg = Shipping|x64
		{233045E2-53A6-4579-A272-3D3CF6D97405}.Shipping|x64.Build.0 = Shipping|x64
		{233045E2-53A6-4579-A272-3D3CF6D97405}.Shipping|x86.ActiveCfg = Shipping|Win32
		{233045E2-53A6-4579-A272-3D3CF6D97405}.Shipping|x86.Build.0 = Shipping|Win32
		{A3D79066-950D-42E4-8555-D7663BA5E0C7}.Debug|x64.ActiveCfg = Debug|x64
		{A3D79066-950D-42E4-8555-D7663BA5E0C7}.Debug|x64.Build.0 = Debug|x64
		{A3D79066-950D-42E4-8555-D7663BA5E0C7}.Debug|x86.ActiveCfg = Debug|Win32
		{A3D79066-950D-42E4-8555-D7663BA5E0C7}.Debug|x86.Build.0 = Debug|Win32
		{A3D79066-950D-42E4-8555-D7663BA5E0C7}.Release|x64.ActiveCfg = Release|x64
		{A3D79066-950D-42E4-8555-D7663BA5E0C7}.Release|x64.Build.0 = Release|x64
		{A3D79066-950D-42E4-8555-D7663BA5E0C7}.Release|x86.ActiveCfg = Release|Win32
		{A3D79066-950D-42E4-8555-D7663BA5E0C7}.Release|x86.Build.0 = Release|Win32
		{A3D79066-950D-42E4-8555-D7663BA5E0C7}.Shipping|x64.ActiveCfg = Shipping|x64
		{A3D79066-950D-42E4-8555-D7663BA5E0C7}.Shipping|x64.Build.0 = Shipping|x64
		{A3D79066-950D-42E4-8555-D7663BA5E0C7}.Shipping|x86.ActiveCfg = Shipping|Win32
		{A3D79066-950D-42E4-8555-D7663BA5E0C7}.Shipping|x86.Build.0 = Shipping|Win32
		{06F7C536-AB34-4054-ACE1-EF74F07A533C}.Debug|x64.ActiveCfg = Debug|x64
		{06F7C536-AB34-4054-ACE1-EF74F07A533C}.Debug|x64.Build.0 = Debug|x64
		{06F7C536-AB34-4054-ACE1-EF74F07A533C}.Debug|x86.ActiveCfg = Debug|Win32
		{06F7C536-AB34-4054-ACE1-EF74F07A533C}.Debug|x86.Build.0 = Debug|Win32
		{06F7C536-AB34-4054-ACE1-EF74F07A533C}.Release|x64.ActiveCfg = Release|x64
		{06F7C536-AB34-4054-ACE1-EF74F07A533C}.Release|x64.Build.0 = Release|x64
		{06F7C536-AB34-4054-ACE1-EF74F07A533C}.Release|x86.ActiveCfg = Release|Win32
		{06F7C536-AB34-4054-ACE1-EF74F07A533C}.Release|x86.Build.0 = Release|Win32
		{06F7C536-AB34-4054-ACE1-EF74F07A533C}.Shipping|x64.ActiveCfg = Shipping|x64
		{06F7C536-AB34-4054-ACE1-EF74F07A533C}.Shipping|x64.Build.0 = Shipping|x64
		{06F7C536-AB34-4054-ACE1-EF74F07A533C}.Shipping|x86.ActiveCfg = Shipping|Win32
		{06F7C536-AB34-4054-ACE1-EF74F07A533C}.Shipping|x86.Build.0 = Shipping|Win32
		{D431963B-F2D5-4BA6-9D01-4A942FC63E96}.Debug|x64.ActiveCfg = Debug|x64
		{D431963B-F2D5-4BA6-9D01-4A942FC63E96}.Debug|x64.Build.0 = Debug|x64
		{D431963B-F2D5-4BA6-9D01-4A942FC63E96}.Debug|x86.ActiveCfg = Debug|Win32
		{D431963B-F2D5-4BA6-9D01-4A942FC63E96}.Debug|x86.Build.0 = Debug|Win32
		{D431963B-F2D5-4BA6-9D01-4A942FC63E96}.Release|x64.ActiveCfg = Release|x64
		{D431963B-F2D5-4BA6-9D01-4A942FC63E96}.Release|x64.Build.0 = Release|x64
		{D431963B-F2D5-4BA6-9D01-4A942FC63E96}.Release|x86.ActiveCfg = Release|Win32
		{D431963B-F2D5-4BA6-9D01-4A942FC63E96}.Release|x86.Build.0 = Release|Win32
		{D431963B-F2D5-4BA6-9D01-4A942FC63E96}.Shipping|x64.ActiveCfg = Shipping|x64
		{D431963B-F2D5-4BA6-9D01-4A942FC63E96}.Shipping|x64.Build.0 = Shipping|x64
		{D431963B-F2D5-4BA6-9D01-4A942FC63E96}.Shipping|x86.ActiveCfg = Shipping|Win32
		{D431963B-F2D5-4BA6-9D01-4A942FC63E96}.Shipping|x86.Build.0 = Shipping|Win32
		{8B8CBCA2-21D3-4C23-A397-A4D084F649D3}.Debug|x64.ActiveCfg = Debug|x64
		{8B8CBCA2-21D3-4C23-A397-A4D084F649D3}.Debug|x64.Build.0 = Debug|x64
		{8B8CBCA2-21D3-4C23-A397-A4D084F649D3}.Debug|x86.ActiveCfg = Debug|Win32
		{8B8CBCA2-21D3-4C23-A397-A4D084F649D3}.Debug|x86.Build.0 = Debug|Win32
		{8B8CBCA2-21D3-4C23-A397-A4D084F649D3}.Release|x64.ActiveCfg = Release|x64
		{8B8CBCA2-21D3-4C23-A397-A4D084F649D3}.Release|x64.Build.0 = Release|x64
		{8B8CBCA2-21D3-4C23-A397-A4D084F649D3}.Release|x86.ActiveCfg = Release|Win32
		{8B8CBCA2-21D3-4C23-A397-A4D084F649D3}.Release|x86.Build.0 = Release|Win32
		{8B8CBCA2-21D3-4C23-A397-A4D084F649D3}.Shipping|x64.ActiveCfg = Shipping|x64
		{8B8CBCA2-21D3-4C23-A397-A4D084F649D3}.Shipping|x64.Build.0 = Shipping|x64
		{8B8CBCA2-21D3-4C23-A397-A4D084F649D3}.Shipping|x86.ActiveCfg = Shipping|Win32
		{8B8CBCA2-21D3-4C23-A397-A4D084F649D3}.Shipping|x86.Build.0 = Shipping|Win32
		{EA0188E0-1F4E-490D-BD2C-C85D12B0F1E2}.Debug|x64.ActiveCfg = Debug|x64
		{EA0188E0-1F4E-490D-BD2C-C85D12B0F1E2}.Debug|x64.Build.0 = Debug|x64
		{EA0188E0-1F4E-490D-BD2C-C85D12B0F1E2}.Debug|x86.ActiveCfg = Debug|Win32
		{EA0188E0-1F4E-490D-BD2C-C85D12B0F1E2}.Debug|x86.Build.0 = Debug|Win32
		{EA0188E0-1F4E-490D-BD2C-C85D12B0F1E2}.Release|x64.ActiveCfg = Release|x64
		{EA0188E0-1F4E-490D-BD2C-C85D12B0F1E2}.Release|x64.Build.0 = Release|x64
		{EA0188E0-1F4E-490D-BD2C-C85D12B0F1E2}.Release|x86.ActiveCfg = Release|Win32
		{EA0188E0-1F4E-490D-BD2C-C85D12B0F1E2}.Release|x86.Build.0 = Release|Win32
		{EA0188E0-1F4E-490D-BD2C-C85D12B0F1E2}.Shipping|x64.ActiveCfg = Shipping|x64
		{EA0188E0-1F4E-490D-BD2C-C85D12B0F1E2}.Shipping|x64.Build.0 = Shipping|x64
		{EA0188E0-1F4E-490D-BD2C-C85D12B0F1E2}.Shipping|x86.ActiveCfg = Shipping|Win32
		{EA0188E0-1F4E-490D-BD2C-C85D12B0F1E2}.Shipping|x86.Build.0 = Shipping|Win32
	EndGlobalSection
	GlobalSection(SolutionProperties) = preSolution
		HideSolutionNode = FALSE
	EndGlobalSection
	GlobalSection(ExtensibilityGlobals) = postSolution
		SolutionGuid = {7208A3D9-FAF1-4016-962A-2147D8FD3D5F}
	EndGlobalSection
EndGlobal
